{
  "name": "@tanmayaswal/wallet",
  "version": "1.0.4",
  "lockfileVersion": 3,
  "requires": true,
  "packages": {
    "": {
      "name": "@tanmayaswal/wallet",
      "version": "1.0.4",
      "license": "ISC",
      "dependencies": {
        "@tanmayaswal/wallet": "^1.0.4",
        "zod": "^3.23.8"
      }
    },
    "node_modules/@tanmayaswal/wallet": {
      "version": "1.0.4",
      "resolved": "https://registry.npmjs.org/@tanmayaswal/wallet/-/wallet-1.0.4.tgz",
      "integrity": "sha512-XnDkFouIyBi3aEhNFD98k3oXrhPZgfdogar2CBNG3i8tQ7R+80bi/MNjf3rmlem4t0Kazlf2j40SQaWs+EkGnQ==",
      "dependencies": {
        "zod": "^3.23.8"
      }
    },
    "node_modules/zod": {
      "version": "3.23.8",
      "license": "MIT",
      "funding": {
        "url": "https://github.com/sponsors/colinhacks"
      }
    }
  }
}
